
Microsoft Visual Studio Solution File, Format Version 12.00
Project("{2150E333-8FDC-42A3-9474-1A3956D46DE8}") = "src", "src", "{31FA52EB-9A7E-4C90-999E-B247845045BA}"
EndProject
Project("{2150E333-8FDC-42A3-9474-1A3956D46DE8}") = "tests", "tests", "{8C565CD4-A72D-4617-BD3E-26F0150C2B3E}"
EndProject
Project("{2150E333-8FDC-42A3-9474-1A3956D46DE8}") = "common", "common", "{319B7DD0-C5C4-45DD-909F-A20005E8EEA7}"
ProjectSection(SolutionItems) = preProject
	README.md = README.md
	.gitignore = .gitignore
	Dockerfile = Dockerfile
EndProjectSection
EndProject
Project("{FAE04EC0-301F-11D3-BF4B-00C04F79EFBC}") = "OzonEdu.MerchandiseService", "src\OzonEdu.MerchandiseService\OzonEdu.MerchandiseService.csproj", "{55533F97-A06C-4443-BD2E-D4F9EA0E10D6}"
EndProject
Project("{2150E333-8FDC-42A3-9474-1A3956D46DE8}") = "deploy", "deploy", "{2F7C607A-4058-4DD1-A5B2-8C4E9A6A1C30}"
ProjectSection(SolutionItems) = preProject
	docker-compose.yml = deploy\docker-compose.yml
EndProjectSection
EndProject
Global
	GlobalSection(SolutionConfigurationPlatforms) = preSolution
		Debug|Any CPU = Debug|Any CPU
		Release|Any CPU = Release|Any CPU
	EndGlobalSection
	GlobalSection(NestedProjects) = preSolution
		{55533F97-A06C-4443-BD2E-D4F9EA0E10D6} = {31FA52EB-9A7E-4C90-999E-B247845045BA}
	EndGlobalSection
	GlobalSection(ProjectConfigurationPlatforms) = postSolution
		{55533F97-A06C-4443-BD2E-D4F9EA0E10D6}.Debug|Any CPU.ActiveCfg = Debug|Any CPU
		{55533F97-A06C-4443-BD2E-D4F9EA0E10D6}.Debug|Any CPU.Build.0 = Debug|Any CPU
		{55533F97-A06C-4443-BD2E-D4F9EA0E10D6}.Release|Any CPU.ActiveCfg = Release|Any CPU
		{55533F97-A06C-4443-BD2E-D4F9EA0E10D6}.Release|Any CPU.Build.0 = Release|Any CPU
	EndGlobalSection
EndGlobal
